
Microsoft Visual Studio Solution File, Format Version 12.00
# Visual Studio Version 16
VisualStudioVersion = 16.0.30204.135
MinimumVisualStudioVersion = 10.0.40219.1
Project("{FAE04EC0-301F-11D3-BF4B-00C04F79EFBC}") = "StudentClass", "StudentClass\StudentClass.csproj", "{F1F3CAF0-67A9-4C1D-83C4-BF125DED7741}"
EndProject
Global
	GlobalSection(SolutionConfigurationPlatforms) = preSolution
		Debug|Any CPU = Debug|Any CPU
		Release|Any CPU = Release|Any CPU
	EndGlobalSection
	GlobalSection(ProjectConfigurationPlatforms) = postSolution
		{F1F3CAF0-67A9-4C1D-83C4-BF125DED7741}.Debug|Any CPU.ActiveCfg = Debug|Any CPU
		{F1F3CAF0-67A9-4C1D-83C4-BF125DED7741}.Debug|Any CPU.Build.0 = Debug|Any CPU
		{F1F3CAF0-67A9-4C1D-83C4-BF125DED7741}.Release|Any CPU.ActiveCfg = Release|Any CPU
		{F1F3CAF0-67A9-4C1D-83C4-BF125DED7741}.Release|Any CPU.Build.0 = Release|Any CPU
	EndGlobalSection
	GlobalSection(SolutionProperties) = preSolution
		HideSolutionNode = FALSE
	EndGlobalSection
	GlobalSection(ExtensibilityGlobals) = postSolution
		SolutionGuid = {BCE61A9C-3815-4DCA-93DB-FA3ADB399F83}
	EndGlobalSection
EndGlobal
